// !$*UTF8*$!
{
	archiveVersion = 1;
	classes = {
	};
	objectVersion = 46;
	objects = {

/* Begin PBXBuildFile section */
		C7AC8A381C7563BB005EAC33 /* UIViewController+Associated.m in Sources */ = {isa = PBXBuildFile; fileRef = C7AC8A371C7563BB005EAC33 /* UIViewController+Associated.m */; };
		C7E8EE3E1C4FB783001650CE /* main.m in Sources */ = {isa = PBXBuildFile; fileRef = C7E8EE3D1C4FB783001650CE /* main.m */; };
		C7E8EE411C4FB783001650CE /* AppDelegate.m in Sources */ = {isa = PBXBuildFile; fileRef = C7E8EE401C4FB783001650CE /* AppDelegate.m */; };
		C7E8EE441C4FB783001650CE /* ViewController.m in Sources */ = {isa = PBXBuildFile; fileRef = C7E8EE431C4FB783001650CE /* ViewController.m */; };
		C7E8EE471C4FB783001650CE /* Main.storyboard in Resources */ = {isa = PBXBuildFile; fileRef = C7E8EE451C4FB783001650CE /* Main.storyboard */; };
		C7E8EE491C4FB783001650CE /* Assets.xcassets in Resources */ = {isa = PBXBuildFile; fileRef = C7E8EE481C4FB783001650CE /* Assets.xcassets */; };
		C7E8EE4C1C4FB783001650CE /* LaunchScreen.storyboard in Resources */ = {isa = PBXBuildFile; fileRef = C7E8EE4A1C4FB783001650CE /* LaunchScreen.storyboard */; };
/* End PBXBuildFile section */

/* Begin PBXFileReference section */
		C7AC8A361C7563BB005EAC33 /* UIViewController+Associated.h */ = {isa = PBXFileReference; fileEncoding = 4; lastKnownFileType = sourcecode.c.h; path = "UIViewController+Associated.h"; sourceTree = "<group>"; };
		C7AC8A371C7563BB005EAC33 /* UIViewController+Associated.m */ = {isa = PBXFileReference; fileEncoding = 4; lastKnownFileType = sourcecode.c.objc; path = "UIViewController+Associated.m"; sourceTree = "<group>"; };
		C7E8EE391C4FB783001650CE /* Runtime_ Associated.app */ = {isa = PBXFileReference; explicitFileType = wrapper.application; includeInIndex = 0; path = "Runtime_ Associated.app"; sourceTree = BUILT_PRODUCTS_DIR; };
		C7E8EE3D1C4FB783001650CE /* main.m */ = {isa = PBXFileReference; lastKnownFileType = sourcecode.c.objc; path = main.m; sourceTree = "<group>"; };
		C7E8EE3F1C4FB783001650CE /* AppDelegate.h */ = {isa = PBXFileReference; lastKnownFileType = sourcecode.c.h; path = AppDelegate.h; sourceTree = "<group>"; };
		C7E8EE401C4FB783001650CE /* AppDelegate.m */ = {isa = PBXFileReference; lastKnownFileType = sourcecode.c.objc; path = AppDelegate.m; sourceTree = "<group>"; };
		C7E8EE421C4FB783001650CE /* ViewController.h */ = {isa = PBXFileReference; lastKnownFileType = sourcecode.c.h; path = ViewController.h; sourceTree = "<group>"; };
		C7E8EE431C4FB783001650CE /* ViewController.m */ = {isa = PBXFileReference; lastKnownFileType = sourcecode.c.objc; path = ViewController.m; sourceTree = "<group>"; };
		C7E8EE461C4FB783001650CE /* Base */ = {isa = PBXFileReference; lastKnownFileType = file.storyboard; name = Base; path = Base.lproj/Main.storyboard; sourceTree = "<group>"; };
		C7E8EE481C4FB783001650CE /* Assets.xcassets */ = {isa = PBXFileReference; lastKnownFileType = folder.assetcatalog; path = Assets.xcassets; sourceTree = "<group>"; };
		C7E8EE4B1C4FB783001650CE /* Base */ = {isa = PBXFileReference; lastKnownFileType = file.storyboard; name = Base; path = Base.lproj/LaunchScreen.storyboard; sourceTree = "<group>"; };
		C7E8EE4D1C4FB783001650CE /* Info.plist */ = {isa = PBXFileReference; lastKnownFileType = text.plist.xml; path = Info.plist; sourceTree = "<group>"; };
/* End PBXFileReference section */

/* Begin PBXFrameworksBuildPhase section */
		C7E8EE361C4FB783001650CE /* Frameworks */ = {
			isa = PBXFrameworksBuildPhase;
			buildActionMask = 2147483647;
			files = (
			);
			runOnlyForDeploymentPostprocessing = 0;
		};
/* End PBXFrameworksBuildPhase section */

/* Begin PBXGroup section */
		C7E8EE301C4FB783001650CE = {
			isa = PBXGroup;
			children = (
				C7E8EE3B1C4FB783001650CE /* Runtime_ Associated */,
				C7E8EE3A1C4FB783001650CE /* Products */,
			);
			sourceTree = "<group>";
		};
		C7E8EE3A1C4FB783001650CE /* Products */ = {
			isa = PBXGroup;
			children = (
				C7E8EE391C4FB783001650CE /* Runtime_ Associated.app */,
			);
			name = Products;
			sourceTree = "<group>";
		};
		C7E8EE3B1C4FB783001650CE /* Runtime_ Associated */ = {
			isa = PBXGroup;
			children = (
				C7E8EE3F1C4FB783001650CE /* AppDelegate.h */,
				C7E8EE401C4FB783001650CE /* AppDelegate.m */,
				C7E8EE421C4FB783001650CE /* ViewController.h */,
				C7E8EE431C4FB783001650CE /* ViewController.m */,
				C7E8EE451C4FB783001650CE /* Main.storyboard */,
				C7E8EE481C4FB783001650CE /* Assets.xcassets */,
				C7E8EE4A1C4FB783001650CE /* LaunchScreen.storyboard */,
				C7E8EE4D1C4FB783001650CE /* Info.plist */,
				C7E8EE3C1C4FB783001650CE /* Supporting Files */,
				C7AC8A361C7563BB005EAC33 /* UIViewController+Associated.h */,
				C7AC8A371C7563BB005EAC33 /* UIViewController+Associated.m */,
			);
			path = "Runtime_ Associated";
			sourceTree = "<group>";
		};
		C7E8EE3C1C4FB783001650CE /* Supporting Files */ = {
			isa = PBXGroup;
			children = (
				C7E8EE3D1C4FB783001650CE /* main.m */,
			);
			name = "Supporting Files";
			sourceTree = "<group>";
		};
/* End PBXGroup section */

/* Begin PBXNativeTarget section */
		C7E8EE381C4FB783001650CE /* Runtime_ Associated */ = {
			isa = PBXNativeTarget;
			buildConfigurationList = C7E8EE501C4FB783001650CE /* Build configuration list for PBXNativeTarget "Runtime_ Associated" */;
			buildPhases = (
				C7E8EE351C4FB783001650CE /* Sources */,
				C7E8EE361C4FB783001650CE /* Frameworks */,
				C7E8EE371C4FB783001650CE /* Resources */,
			);
			buildRules = (
			);
			dependencies = (
			);
			name = "Runtime_ Associated";
			productName = "Runtime_ Associated";
			productReference = C7E8EE391C4FB783001650CE /* Runtime_ Associated.app */;
			productType = "com.apple.product-type.application";
		};
/* End PBXNativeTarget section */

/* Begin PBXProject section */
		C7E8EE311C4FB783001650CE /* Project object */ = {
			isa = PBXProject;
			attributes = {
				LastUpgradeCheck = 0720;
				ORGANIZATIONNAME = DKT;
				TargetAttributes = {
					C7E8EE381C4FB783001650CE = {
						CreatedOnToolsVersion = 7.2;
					};
				};
			};
			buildConfigurationList = C7E8EE341C4FB783001650CE /* Build configuration list for PBXProject "Runtime_ Associated" */;
			compatibilityVersion = "Xcode 3.2";
			developmentRegion = English;
			hasScannedForEncodings = 0;
			knownRegions = (
				en,
				Base,
			);
			mainGroup = C7E8EE301C4FB783001650CE;
			productRefGroup = C7E8EE3A1C4FB783001650CE /* Products */;
			projectDirPath = "";
			projectRoot = "";
			targets = (
				C7E8EE381C4FB783001650CE /* Runtime_ Associated */,
			);
		};
/* End PBXProject section */

/* Begin PBXResourcesBuildPhase section */
		C7E8EE371C4FB783001650CE /* Resources */ = {
			isa = PBXResourcesBuildPhase;
			buildActionMask = 2147483647;
			files = (
				C7E8EE4C1C4FB783001650CE /* LaunchScreen.storyboard in Resources */,
				C7E8EE491C4FB783001650CE /* Assets.xcassets in Resources */,
				C7E8EE471C4FB783001650CE /* Main.storyboard in Resources */,
			);
			runOnlyForDeploymentPostprocessing = 0;
		};
/* End PBXResourcesBuildPhase section */

/* Begin PBXSourcesBuildPhase section */
		C7E8EE351C4FB783001650CE /* Sources */ = {
			isa = PBXSourcesBuildPhase;
			buildActionMask = 2147483647;
			files = (
				C7AC8A381C7563BB005EAC33 /* UIViewController+Associated.m in Sources */,
				C7E8EE441C4FB783001650CE /* ViewController.m in Sources */,
				C7E8EE411C4FB783001650CE /* AppDelegate.m in Sources */,
				C7E8EE3E1C4FB783001650CE /* main.m in Sources */,
			);
			runOnlyForDeploymentPostprocessing = 0;
		};
/* End PBXSourcesBuildPhase section */

/* Begin PBXVariantGroup section */
		C7E8EE451C4FB783001650CE /* Main.storyboard */ = {
			isa = PBXVariantGroup;
			children = (
				C7E8EE461C4FB783001650CE /* Base */,
			);
			name = Main.storyboard;
			sourceTree = "<group>";
		};
		C7E8EE4A1C4FB783001650CE /* LaunchScreen.storyboard */ = {
			isa = PBXVariantGroup;
			children = (
				C7E8EE4B1C4FB783001650CE /* Base */,
			);
			name = LaunchScreen.storyboard;
			sourceTree = "<group>";
		};
/* End PBXVariantGroup section */

/* Begin XCBuildConfiguration section */
		C7E8EE4E1C4FB783001650CE /* Debug */ = {
			isa = XCBuildConfiguration;
			buildSettings = {
				ALWAYS_SEARCH_USER_PATHS = NO;
				CLANG_CXX_LANGUAGE_STANDARD = "gnu++0x";
				CLANG_CXX_LIBRARY = "libc++";
				CLANG_ENABLE_MODULES = YES;
				CLANG_ENABLE_OBJC_ARC = YES;
				CLANG_WARN_BOOL_CONVERSION = YES;
				CLANG_WARN_CONSTANT_CONVERSION = YES;
				CLANG_WARN_DIRECT_OBJC_ISA_USAGE = YES_ERROR;
				CLANG_WARN_EMPTY_BODY = YES;
				CLANG_WARN_ENUM_CONVERSION = YES;
				CLANG_WARN_INT_CONVERSION = YES;
				CLANG_WARN_OBJC_ROOT_CLASS = YES_ERROR;
				CLANG_WARN_UNREACHABLE_CODE = YES;
				CLANG_WARN__DUPLICATE_METHOD_MATCH = YES;
				"CODE_SIGN_IDENTITY[sdk=iphoneos*]" = "iPhone Developer";
				COPY_PHASE_STRIP = NO;
				DEBUG_INFORMATION_FORMAT = dwarf;
				ENABLE_STRICT_OBJC_MSGSEND = YES;
				ENABLE_TESTABILITY = YES;
				GCC_C_LANGUAGE_STANDARD = gnu99;
				GCC_DYNAMIC_NO_PIC = NO;
				GCC_NO_COMMON_BLOCKS = YES;
				GCC_OPTIMIZATION_LEVEL = 0;
				GCC_PREPROCESSOR_DEFINITIONS = (
					"DEBUG=1",
					"$(inherited)",
				);
				GCC_WARN_64_TO_32_BIT_CONVERSION = YES;
				GCC_WARN_ABOUT_RETURN_TYPE = YES_ERROR;
				GCC_WARN_UNDECLARED_SELECTOR = YES;
				GCC_WARN_UNINITIALIZED_AUTOS = YES_AGGRESSIVE;
				GCC_WARN_UNUSED_FUNCTION = YES;
				GCC_WARN_UNUSED_VARIABLE = YES;
				IPHONEOS_DEPLOYMENT_TARGET = 9.2;
				MTL_ENABLE_DEBUG_INFO = YES;
				ONLY_ACTIVE_ARCH = YES;
				SDKROOT = iphoneos;
			};
			name = Debug;
		};
		C7E8EE4F1C4FB783001650CE /* Release */ = {
			isa = XCBuildConfiguration;
			buildSettings = {
				ALWAYS_SEARCH_USER_PATHS = NO;
				CLANG_CXX_LANGUAGE_STANDARD = "gnu++0x";
				CLANG_CXX_LIBRARY = "libc++";
				CLANG_ENABLE_MODULES = YES;
				CLANG_ENABLE_OBJC_ARC = YES;
				CLANG_WARN_BOOL_CONVERSION = YES;
				CLANG_WARN_CONSTANT_CONVERSION = YES;
				CLANG_WARN_DIRECT_OBJC_ISA_USAGE = YES_ERROR;
				CLANG_WARN_EMPTY_BODY = YES;
				CLANG_WARN_ENUM_CONVERSION = YES;
				CLANG_WARN_INT_CONVERSION = YES;
				CLANG_WARN_OBJC_ROOT_CLASS = YES_ERROR;
				CLANG_WARN_UNREACHABLE_CODE = YES;
				CLANG_WARN__DUPLICATE_METHOD_MATCH = YES;
				"CODE_SIGN_IDENTITY[sdk=iphoneos*]" = "iPhone Developer";
				COPY_PHASE_STRIP = NO;
				DEBUG_INFORMATION_FORMAT = "dwarf-with-dsym";
				ENABLE_NS_ASSERTIONS = NO;
				ENABLE_STRICT_OBJC_MSGSEND = YES;
				GCC_C_LANGUAGE_STANDARD = gnu99;
				GCC_NO_COMMON_BLOCKS = YES;
				GCC_WARN_64_TO_32_BIT_CONVERSION = YES;
				GCC_WARN_ABOUT_RETURN_TYPE = YES_ERROR;
				GCC_WARN_UNDECLARED_SELECTOR = YES;
				GCC_WARN_UNINITIALIZED_AUTOS = YES_AGGRESSIVE;
				GCC_WARN_UNUSED_FUNCTION = YES;
				GCC_WARN_UNUSED_VARIABLE = YES;
				IPHONEOS_DEPLOYMENT_TARGET = 9.2;
				MTL_ENABLE_DEBUG_INFO = NO;
				SDKROOT = iphoneos;
				VALIDATE_PRODUCT = YES;
			};
			name = Release;
		};
		C7E8EE511C4FB783001650CE /* Debug */ = {
			isa = XCBuildConfiguration;
			buildSettings = {
				ASSETCATALOG_COMPILER_APPICON_NAME = AppIcon;
				INFOPLIST_FILE = "Runtime_ Associated/Info.plist";
				LD_RUNPATH_SEARCH_PATHS = "$(inherited) @executable_path/Frameworks";
				PRODUCT_BUNDLE_IDENTIFIER = "com.DKT.Runtime--Associated";
				PRODUCT_NAME = "$(TARGET_NAME)";
			};
			name = Debug;
		};
		C7E8EE521C4FB783001650CE /* Release */ = {
			isa = XCBuildConfiguration;
			buildSettings = {
				ASSETCATALOG_COMPILER_APPICON_NAME = AppIcon;
				INFOPLIST_FILE = "Runtime_ Associated/Info.plist";
				LD_RUNPATH_SEARCH_PATHS = "$(inherited) @executable_path/Frameworks";
				PRODUCT_BUNDLE_IDENTIFIER = "com.DKT.Runtime--Associated";
				PRODUCT_NAME = "$(TARGET_NAME)";
			};
			name = Release;
		};
/* End XCBuildConfiguration section */

/* Begin XCConfigurationList section */
		C7E8EE341C4FB783001650CE /* Build configuration list for PBXProject "Runtime_ Associated" */ = {
			isa = XCConfigurationList;
			buildConfigurations = (
				C7E8EE4E1C4FB783001650CE /* Debug */,
				C7E8EE4F1C4FB783001650CE /* Release */,
			);
			defaultConfigurationIsVisible = 0;
			defaultConfigurationName = Release;
		};
		C7E8EE501C4FB783001650CE /* Build configuration list for PBXNativeTarget "Runtime_ Associated" */ = {
			isa = XCConfigurationList;
			buildConfigurations = (
				C7E8EE511C4FB783001650CE /* Debug */,
				C7E8EE521C4FB783001650CE /* Release */,
			);
			defaultConfigurationIsVisible = 0;
			defaultConfigurationName = Release;
		};
/* End XCConfigurationList section */
	};
	rootObject = C7E8EE311C4FB783001650CE /* Project object */;
}
